
Microsoft Visual Studio Solution File, Format Version 12.00
# Visual Studio Version 17
VisualStudioVersion = 17.11.35222.181
MinimumVisualStudioVersion = 10.0.40219.1
Project("{FAE04EC0-301F-11D3-BF4B-00C04F79EFBC}") = "WinFormsApp4", "WinFormsApp4\WinFormsApp4.csproj", "{0F7B51D0-2E32-4523-A27A-63D49A3F3328}"
EndProject
Global
	GlobalSection(SolutionConfigurationPlatforms) = preSolution
		Debug|Any CPU = Debug|Any CPU
		Release|Any CPU = Release|Any CPU
	EndGlobalSection
	GlobalSection(ProjectConfigurationPlatforms) = postSolution
		{0F7B51D0-2E32-4523-A27A-63D49A3F3328}.Debug|Any CPU.ActiveCfg = Debug|Any CPU
		{0F7B51D0-2E32-4523-A27A-63D49A3F3328}.Debug|Any CPU.Build.0 = Debug|Any CPU
		{0F7B51D0-2E32-4523-A27A-63D49A3F3328}.Release|Any CPU.ActiveCfg = Release|Any CPU
		{0F7B51D0-2E32-4523-A27A-63D49A3F3328}.Release|Any CPU.Build.0 = Release|Any CPU
	EndGlobalSection
	GlobalSection(SolutionProperties) = preSolution
		HideSolutionNode = FALSE
	EndGlobalSection
	GlobalSection(ExtensibilityGlobals) = postSolution
		SolutionGuid = {6939042E-8243-494F-94AB-B7A6116AD903}
	EndGlobalSection
EndGlobal
